
Microsoft Visual Studio Solution File, Format Version 12.00
# Visual Studio Version 16
VisualStudioVersion = 16.0.30523.141
MinimumVisualStudioVersion = 10.0.40219.1
Project("{9A19103F-16F7-4668-BE54-9A1E7A4F7556}") = "Entities", "Entities\Entities.csproj", "{5E31DEF8-C1F5-4ECD-B7C9-08D2F9C44575}"
EndProject
Project("{9A19103F-16F7-4668-BE54-9A1E7A4F7556}") = "DataAccess", "DataAccess\DataAccess.csproj", "{90FC64D4-963B-4F54-BF1A-89ADC2BB89BD}"
EndProject
Project("{9A19103F-16F7-4668-BE54-9A1E7A4F7556}") = "Business", "Business\Business.csproj", "{01B75860-CF03-4BF9-9919-AFB4D8EE1B82}"
EndProject
Project("{9A19103F-16F7-4668-BE54-9A1E7A4F7556}") = "ConsoleUI", "ConsoleUI\ConsoleUI.csproj", "{A011E90C-604C-4827-9C42-CCBFE9404957}"
EndProject
Project("{9A19103F-16F7-4668-BE54-9A1E7A4F7556}") = "Core", "Core\Core.csproj", "{FF275B14-A38B-4A06-A719-5E6BE58A2EF4}"
EndProject
Project("{FAE04EC0-301F-11D3-BF4B-00C04F79EFBC}") = "WebAPI", "WebAPI\WebAPI.csproj", "{AE781ED9-128B-4CBE-AD49-CDF3E556DBA9}"
EndProject
Global
	GlobalSection(SolutionConfigurationPlatforms) = preSolution
		Debug|Any CPU = Debug|Any CPU
		Release|Any CPU = Release|Any CPU
	EndGlobalSection
	GlobalSection(ProjectConfigurationPlatforms) = postSolution
		{5E31DEF8-C1F5-4ECD-B7C9-08D2F9C44575}.Debug|Any CPU.ActiveCfg = Debug|Any CPU
		{5E31DEF8-C1F5-4ECD-B7C9-08D2F9C44575}.Debug|Any CPU.Build.0 = Debug|Any CPU
		{5E31DEF8-C1F5-4ECD-B7C9-08D2F9C44575}.Release|Any CPU.ActiveCfg = Release|Any CPU
		{5E31DEF8-C1F5-4ECD-B7C9-08D2F9C44575}.Release|Any CPU.Build.0 = Release|Any CPU
		{90FC64D4-963B-4F54-BF1A-89ADC2BB89BD}.Debug|Any CPU.ActiveCfg = Debug|Any CPU
		{90FC64D4-963B-4F54-BF1A-89ADC2BB89BD}.Debug|Any CPU.Build.0 = Debug|Any CPU
		{90FC64D4-963B-4F54-BF1A-89ADC2BB89BD}.Release|Any CPU.ActiveCfg = Release|Any CPU
		{90FC64D4-963B-4F54-BF1A-89ADC2BB89BD}.Release|Any CPU.Build.0 = Release|Any CPU
		{01B75860-CF03-4BF9-9919-AFB4D8EE1B82}.Debug|Any CPU.ActiveCfg = Debug|Any CPU
		{01B75860-CF03-4BF9-9919-AFB4D8EE1B82}.Debug|Any CPU.Build.0 = Debug|Any CPU
		{01B75860-CF03-4BF9-9919-AFB4D8EE1B82}.Release|Any CPU.ActiveCfg = Release|Any CPU
		{01B75860-CF03-4BF9-9919-AFB4D8EE1B82}.Release|Any CPU.Build.0 = Release|Any CPU
		{A011E90C-604C-4827-9C42-CCBFE9404957}.Debug|Any CPU.ActiveCfg = Debug|Any CPU
		{A011E90C-604C-4827-9C42-CCBFE9404957}.Debug|Any CPU.Build.0 = Debug|Any CPU
		{A011E90C-604C-4827-9C42-CCBFE9404957}.Release|Any CPU.ActiveCfg = Release|Any CPU
		{A011E90C-604C-4827-9C42-CCBFE9404957}.Release|Any CPU.Build.0 = Release|Any CPU
		{FF275B14-A38B-4A06-A719-5E6BE58A2EF4}.Debug|Any CPU.ActiveCfg = Debug|Any CPU
		{FF275B14-A38B-4A06-A719-5E6BE58A2EF4}.Debug|Any CPU.Build.0 = Debug|Any CPU
		{FF275B14-A38B-4A06-A719-5E6BE58A2EF4}.Release|Any CPU.ActiveCfg = Release|Any CPU
		{FF275B14-A38B-4A06-A719-5E6BE58A2EF4}.Release|Any CPU.Build.0 = Release|Any CPU
		{AE781ED9-128B-4CBE-AD49-CDF3E556DBA9}.Debug|Any CPU.ActiveCfg = Debug|Any CPU
		{AE781ED9-128B-4CBE-AD49-CDF3E556DBA9}.Debug|Any CPU.Build.0 = Debug|Any CPU
		{AE781ED9-128B-4CBE-AD49-CDF3E556DBA9}.Release|Any CPU.ActiveCfg = Release|Any CPU
		{AE781ED9-128B-4CBE-AD49-CDF3E556DBA9}.Release|Any CPU.Build.0 = Release|Any CPU
	EndGlobalSection
	GlobalSection(SolutionProperties) = preSolution
		HideSolutionNode = FALSE
	EndGlobalSection
	GlobalSection(ExtensibilityGlobals) = postSolution
		SolutionGuid = {9CCBF95A-D451-4B5C-903D-DC2B44E72191}
	EndGlobalSection
EndGlobal
